
Microsoft Visual Studio Solution File, Format Version 12.00
# Visual Studio Version 17
VisualStudioVersion = 17.14.36414.22
MinimumVisualStudioVersion = 10.0.40219.1
Project("{FAE04EC0-301F-11D3-BF4B-00C04F79EFBC}") = "Abstraction", "DevTutorial\Abstraction.csproj", "{B8F9C02C-A58E-4D61-972C-986785DDC2B6}"
EndProject
Project("{FAE04EC0-301F-11D3-BF4B-00C04F79EFBC}") = "Encapsulation", "Encapsulation\Encapsulation.csproj", "{C8F9C02C-A58E-4D61-972C-986785DDC2B7}"
EndProject
Project("{FAE04EC0-301F-11D3-BF4B-00C04F79EFBC}") = "Polymorphism", "Polymorphism\Polymorphism.csproj", "{D8F9C02C-A58E-4D61-972C-986785DDC2B8}"
EndProject
Project("{2150E333-8FDC-42A3-9474-1A3956D46DE8}") = "OOP", "OOP", "{02EA681E-C7D8-13C7-8484-4AC65E1B71E8}"
EndProject
Project("{2150E333-8FDC-42A3-9474-1A3956D46DE8}") = "S.O.L.I.D Principles", "S.O.L.I.D Principles", "{DC072EE0-5520-45EC-A5F1-254C6F9EE386}"
EndProject
Project("{FAE04EC0-301F-11D3-BF4B-00C04F79EFBC}") = "Inheritance", "Inheritance\Inheritance.csproj", "{E8F9C02C-A58E-4D61-972C-986785DDC2B9}"
EndProject
Project("{FAE04EC0-301F-11D3-BF4B-00C04F79EFBC}") = "SingleResponsibility", "SingleResponsibility\SingleResponsibility.csproj", "{F8F9C02C-A58E-4D61-972C-986785DDC2BA}"
EndProject
Project("{FAE04EC0-301F-11D3-BF4B-00C04F79EFBC}") = "LiskovSubstitution", "LiskovSubstitution\LiskovSubstitution.csproj", "{8B689ED6-7B5E-4DD4-B8EA-FADDD2C5674E}"
EndProject
Project("{FAE04EC0-301F-11D3-BF4B-00C04F79EFBC}") = "InterfaceSegregation", "InterfaceSegregation\InterfaceSegregation.csproj", "{168C4076-C6AF-4B38-AA54-BF46E16E0CCD}"
EndProject
Project("{FAE04EC0-301F-11D3-BF4B-00C04F79EFBC}") = "OpenClosed", "OpenClosed\OpenClosed.csproj", "{3D7CA495-C409-49FC-B557-7821856F3317}"
EndProject
Project("{FAE04EC0-301F-11D3-BF4B-00C04F79EFBC}") = "DependencyInversion", "DependencyInversion\DependencyInversion.csproj", "{E3734BD8-3E95-44DE-B970-1DA93E254C7A}"
EndProject
Project("{2150E333-8FDC-42A3-9474-1A3956D46DE8}") = "Example", "Example", "{BCA8099F-2351-42F1-BEB5-242F9A4410E5}"
EndProject
Project("{FAE04EC0-301F-11D3-BF4B-00C04F79EFBC}") = "LinqExpressions", "LinqExpressions\LinqExpressions.csproj", "{A1B2C3D4-E5F6-7890-1234-567890ABCDEF}"
EndProject
Project("{2150E333-8FDC-42A3-9474-1A3956D46DE8}") = "Code Challenge", "Code Challenge", "{3FE69B71-721D-4F8D-8F65-F40ED0DD1F51}"
EndProject
Project("{FAE04EC0-301F-11D3-BF4B-00C04F79EFBC}") = "StockTransactionFee", "Code Challenge\StockTransactionFee\StockTransactionFee.csproj", "{01976561-9324-4C22-A0B9-3B73EA0E88F1}"
EndProject
Project("{2150E333-8FDC-42A3-9474-1A3956D46DE8}") = "Azure", "Azure", "{326FE928-C8E6-4874-A568-BE0554D0182A}"
EndProject
Project("{FAE04EC0-301F-11D3-BF4B-00C04F79EFBC}") = "AzureNetworkWeb", "Azure\AzureNetworkWeb\AzureNetworkWeb.csproj", "{DAAF0938-DA9C-4C3E-8BF5-067023A6BA28}"
EndProject
Project("{2150E333-8FDC-42A3-9474-1A3956D46DE8}") = "SQL", "SQL", "{83B75E4C-9DC5-4F9A-B8C3-5F8D9A72C842}"
EndProject
Project("{FAE04EC0-301F-11D3-BF4B-00C04F79EFBC}") = "SqlInterviewWeb", "SQL\SqlInterviewWeb\SqlInterviewWeb.csproj", "{C1F8D456-7B23-4A8E-9F12-3456789ABCDE}"
EndProject
Global
	GlobalSection(SolutionConfigurationPlatforms) = preSolution
		Debug|Any CPU = Debug|Any CPU
		Debug|x64 = Debug|x64
		Debug|x86 = Debug|x86
		Release|Any CPU = Release|Any CPU
		Release|x64 = Release|x64
		Release|x86 = Release|x86
	EndGlobalSection
	GlobalSection(ProjectConfigurationPlatforms) = postSolution
		{B8F9C02C-A58E-4D61-972C-986785DDC2B6}.Debug|Any CPU.ActiveCfg = Debug|Any CPU
		{B8F9C02C-A58E-4D61-972C-986785DDC2B6}.Debug|Any CPU.Build.0 = Debug|Any CPU
		{B8F9C02C-A58E-4D61-972C-986785DDC2B6}.Debug|x64.ActiveCfg = Debug|Any CPU
		{B8F9C02C-A58E-4D61-972C-986785DDC2B6}.Debug|x64.Build.0 = Debug|Any CPU
		{B8F9C02C-A58E-4D61-972C-986785DDC2B6}.Debug|x86.ActiveCfg = Debug|Any CPU
		{B8F9C02C-A58E-4D61-972C-986785DDC2B6}.Debug|x86.Build.0 = Debug|Any CPU
		{B8F9C02C-A58E-4D61-972C-986785DDC2B6}.Release|Any CPU.ActiveCfg = Release|Any CPU
		{B8F9C02C-A58E-4D61-972C-986785DDC2B6}.Release|Any CPU.Build.0 = Release|Any CPU
		{B8F9C02C-A58E-4D61-972C-986785DDC2B6}.Release|x64.ActiveCfg = Release|Any CPU
		{B8F9C02C-A58E-4D61-972C-986785DDC2B6}.Release|x64.Build.0 = Release|Any CPU
		{B8F9C02C-A58E-4D61-972C-986785DDC2B6}.Release|x86.ActiveCfg = Release|Any CPU
		{B8F9C02C-A58E-4D61-972C-986785DDC2B6}.Release|x86.Build.0 = Release|Any CPU
		{C8F9C02C-A58E-4D61-972C-986785DDC2B7}.Debug|Any CPU.ActiveCfg = Debug|Any CPU
		{C8F9C02C-A58E-4D61-972C-986785DDC2B7}.Debug|Any CPU.Build.0 = Debug|Any CPU
		{C8F9C02C-A58E-4D61-972C-986785DDC2B7}.Debug|x64.ActiveCfg = Debug|Any CPU
		{C8F9C02C-A58E-4D61-972C-986785DDC2B7}.Debug|x64.Build.0 = Debug|Any CPU
		{C8F9C02C-A58E-4D61-972C-986785DDC2B7}.Debug|x86.ActiveCfg = Debug|Any CPU
		{C8F9C02C-A58E-4D61-972C-986785DDC2B7}.Debug|x86.Build.0 = Debug|Any CPU
		{C8F9C02C-A58E-4D61-972C-986785DDC2B7}.Release|Any CPU.ActiveCfg = Release|Any CPU
		{C8F9C02C-A58E-4D61-972C-986785DDC2B7}.Release|Any CPU.Build.0 = Release|Any CPU
		{C8F9C02C-A58E-4D61-972C-986785DDC2B7}.Release|x64.ActiveCfg = Release|Any CPU
		{C8F9C02C-A58E-4D61-972C-986785DDC2B7}.Release|x64.Build.0 = Release|Any CPU
		{C8F9C02C-A58E-4D61-972C-986785DDC2B7}.Release|x86.ActiveCfg = Release|Any CPU
		{C8F9C02C-A58E-4D61-972C-986785DDC2B7}.Release|x86.Build.0 = Release|Any CPU
		{D8F9C02C-A58E-4D61-972C-986785DDC2B8}.Debug|Any CPU.ActiveCfg = Debug|Any CPU
		{D8F9C02C-A58E-4D61-972C-986785DDC2B8}.Debug|Any CPU.Build.0 = Debug|Any CPU
		{D8F9C02C-A58E-4D61-972C-986785DDC2B8}.Debug|x64.ActiveCfg = Debug|Any CPU
		{D8F9C02C-A58E-4D61-972C-986785DDC2B8}.Debug|x64.Build.0 = Debug|Any CPU
		{D8F9C02C-A58E-4D61-972C-986785DDC2B8}.Debug|x86.ActiveCfg = Debug|Any CPU
		{D8F9C02C-A58E-4D61-972C-986785DDC2B8}.Debug|x86.Build.0 = Debug|Any CPU
		{D8F9C02C-A58E-4D61-972C-986785DDC2B8}.Release|Any CPU.ActiveCfg = Release|Any CPU
		{D8F9C02C-A58E-4D61-972C-986785DDC2B8}.Release|Any CPU.Build.0 = Release|Any CPU
		{D8F9C02C-A58E-4D61-972C-986785DDC2B8}.Release|x64.ActiveCfg = Release|Any CPU
		{D8F9C02C-A58E-4D61-972C-986785DDC2B8}.Release|x64.Build.0 = Release|Any CPU
		{D8F9C02C-A58E-4D61-972C-986785DDC2B8}.Release|x86.ActiveCfg = Release|Any CPU
		{D8F9C02C-A58E-4D61-972C-986785DDC2B8}.Release|x86.Build.0 = Release|Any CPU
		{E8F9C02C-A58E-4D61-972C-986785DDC2B9}.Debug|Any CPU.ActiveCfg = Debug|Any CPU
		{E8F9C02C-A58E-4D61-972C-986785DDC2B9}.Debug|Any CPU.Build.0 = Debug|Any CPU
		{E8F9C02C-A58E-4D61-972C-986785DDC2B9}.Debug|x64.ActiveCfg = Debug|Any CPU
		{E8F9C02C-A58E-4D61-972C-986785DDC2B9}.Debug|x64.Build.0 = Debug|Any CPU
		{E8F9C02C-A58E-4D61-972C-986785DDC2B9}.Debug|x86.ActiveCfg = Debug|Any CPU
		{E8F9C02C-A58E-4D61-972C-986785DDC2B9}.Debug|x86.Build.0 = Debug|Any CPU
		{E8F9C02C-A58E-4D61-972C-986785DDC2B9}.Release|Any CPU.ActiveCfg = Release|Any CPU
		{E8F9C02C-A58E-4D61-972C-986785DDC2B9}.Release|Any CPU.Build.0 = Release|Any CPU
		{E8F9C02C-A58E-4D61-972C-986785DDC2B9}.Release|x64.ActiveCfg = Release|Any CPU
		{E8F9C02C-A58E-4D61-972C-986785DDC2B9}.Release|x64.Build.0 = Release|Any CPU
		{E8F9C02C-A58E-4D61-972C-986785DDC2B9}.Release|x86.ActiveCfg = Release|Any CPU
		{E8F9C02C-A58E-4D61-972C-986785DDC2B9}.Release|x86.Build.0 = Release|Any CPU
		{F8F9C02C-A58E-4D61-972C-986785DDC2BA}.Debug|Any CPU.ActiveCfg = Debug|Any CPU
		{F8F9C02C-A58E-4D61-972C-986785DDC2BA}.Debug|Any CPU.Build.0 = Debug|Any CPU
		{F8F9C02C-A58E-4D61-972C-986785DDC2BA}.Debug|x64.ActiveCfg = Debug|Any CPU
		{F8F9C02C-A58E-4D61-972C-986785DDC2BA}.Debug|x64.Build.0 = Debug|Any CPU
		{F8F9C02C-A58E-4D61-972C-986785DDC2BA}.Debug|x86.ActiveCfg = Debug|Any CPU
		{F8F9C02C-A58E-4D61-972C-986785DDC2BA}.Debug|x86.Build.0 = Debug|Any CPU
		{F8F9C02C-A58E-4D61-972C-986785DDC2BA}.Release|Any CPU.ActiveCfg = Release|Any CPU
		{F8F9C02C-A58E-4D61-972C-986785DDC2BA}.Release|Any CPU.Build.0 = Release|Any CPU
		{F8F9C02C-A58E-4D61-972C-986785DDC2BA}.Release|x64.ActiveCfg = Release|Any CPU
		{F8F9C02C-A58E-4D61-972C-986785DDC2BA}.Release|x64.Build.0 = Release|Any CPU
		{F8F9C02C-A58E-4D61-972C-986785DDC2BA}.Release|x86.ActiveCfg = Release|Any CPU
		{F8F9C02C-A58E-4D61-972C-986785DDC2BA}.Release|x86.Build.0 = Release|Any CPU
		{8B689ED6-7B5E-4DD4-B8EA-FADDD2C5674E}.Debug|Any CPU.ActiveCfg = Debug|Any CPU
		{8B689ED6-7B5E-4DD4-B8EA-FADDD2C5674E}.Debug|Any CPU.Build.0 = Debug|Any CPU
		{8B689ED6-7B5E-4DD4-B8EA-FADDD2C5674E}.Debug|x64.ActiveCfg = Debug|Any CPU
		{8B689ED6-7B5E-4DD4-B8EA-FADDD2C5674E}.Debug|x64.Build.0 = Debug|Any CPU
		{8B689ED6-7B5E-4DD4-B8EA-FADDD2C5674E}.Debug|x86.ActiveCfg = Debug|Any CPU
		{8B689ED6-7B5E-4DD4-B8EA-FADDD2C5674E}.Debug|x86.Build.0 = Debug|Any CPU
		{8B689ED6-7B5E-4DD4-B8EA-FADDD2C5674E}.Release|Any CPU.ActiveCfg = Release|Any CPU
		{8B689ED6-7B5E-4DD4-B8EA-FADDD2C5674E}.Release|Any CPU.Build.0 = Release|Any CPU
		{8B689ED6-7B5E-4DD4-B8EA-FADDD2C5674E}.Release|x64.ActiveCfg = Release|Any CPU
		{8B689ED6-7B5E-4DD4-B8EA-FADDD2C5674E}.Release|x64.Build.0 = Release|Any CPU
		{8B689ED6-7B5E-4DD4-B8EA-FADDD2C5674E}.Release|x86.ActiveCfg = Release|Any CPU
		{8B689ED6-7B5E-4DD4-B8EA-FADDD2C5674E}.Release|x86.Build.0 = Release|Any CPU
		{168C4076-C6AF-4B38-AA54-BF46E16E0CCD}.Debug|Any CPU.ActiveCfg = Debug|Any CPU
		{168C4076-C6AF-4B38-AA54-BF46E16E0CCD}.Debug|Any CPU.Build.0 = Debug|Any CPU
		{168C4076-C6AF-4B38-AA54-BF46E16E0CCD}.Debug|x64.ActiveCfg = Debug|Any CPU
		{168C4076-C6AF-4B38-AA54-BF46E16E0CCD}.Debug|x64.Build.0 = Debug|Any CPU
		{168C4076-C6AF-4B38-AA54-BF46E16E0CCD}.Debug|x86.ActiveCfg = Debug|Any CPU
		{168C4076-C6AF-4B38-AA54-BF46E16E0CCD}.Debug|x86.Build.0 = Debug|Any CPU
		{168C4076-C6AF-4B38-AA54-BF46E16E0CCD}.Release|Any CPU.ActiveCfg = Release|Any CPU
		{168C4076-C6AF-4B38-AA54-BF46E16E0CCD}.Release|Any CPU.Build.0 = Release|Any CPU
		{168C4076-C6AF-4B38-AA54-BF46E16E0CCD}.Release|x64.ActiveCfg = Release|Any CPU
		{168C4076-C6AF-4B38-AA54-BF46E16E0CCD}.Release|x64.Build.0 = Release|Any CPU
		{168C4076-C6AF-4B38-AA54-BF46E16E0CCD}.Release|x86.ActiveCfg = Release|Any CPU
		{168C4076-C6AF-4B38-AA54-BF46E16E0CCD}.Release|x86.Build.0 = Release|Any CPU
		{3D7CA495-C409-49FC-B557-7821856F3317}.Debug|Any CPU.ActiveCfg = Debug|Any CPU
		{3D7CA495-C409-49FC-B557-7821856F3317}.Debug|Any CPU.Build.0 = Debug|Any CPU
		{3D7CA495-C409-49FC-B557-7821856F3317}.Debug|x64.ActiveCfg = Debug|Any CPU
		{3D7CA495-C409-49FC-B557-7821856F3317}.Debug|x64.Build.0 = Debug|Any CPU
		{3D7CA495-C409-49FC-B557-7821856F3317}.Debug|x86.ActiveCfg = Debug|Any CPU
		{3D7CA495-C409-49FC-B557-7821856F3317}.Debug|x86.Build.0 = Debug|Any CPU
		{3D7CA495-C409-49FC-B557-7821856F3317}.Release|Any CPU.ActiveCfg = Release|Any CPU
		{3D7CA495-C409-49FC-B557-7821856F3317}.Release|Any CPU.Build.0 = Release|Any CPU
		{3D7CA495-C409-49FC-B557-7821856F3317}.Release|x64.ActiveCfg = Release|Any CPU
		{3D7CA495-C409-49FC-B557-7821856F3317}.Release|x64.Build.0 = Release|Any CPU
		{3D7CA495-C409-49FC-B557-7821856F3317}.Release|x86.ActiveCfg = Release|Any CPU
		{3D7CA495-C409-49FC-B557-7821856F3317}.Release|x86.Build.0 = Release|Any CPU
		{E3734BD8-3E95-44DE-B970-1DA93E254C7A}.Debug|Any CPU.ActiveCfg = Debug|Any CPU
		{E3734BD8-3E95-44DE-B970-1DA93E254C7A}.Debug|Any CPU.Build.0 = Debug|Any CPU
		{E3734BD8-3E95-44DE-B970-1DA93E254C7A}.Debug|x64.ActiveCfg = Debug|Any CPU
		{E3734BD8-3E95-44DE-B970-1DA93E254C7A}.Debug|x64.Build.0 = Debug|Any CPU
		{E3734BD8-3E95-44DE-B970-1DA93E254C7A}.Debug|x86.ActiveCfg = Debug|Any CPU
		{E3734BD8-3E95-44DE-B970-1DA93E254C7A}.Debug|x86.Build.0 = Debug|Any CPU
		{E3734BD8-3E95-44DE-B970-1DA93E254C7A}.Release|Any CPU.ActiveCfg = Release|Any CPU
		{E3734BD8-3E95-44DE-B970-1DA93E254C7A}.Release|Any CPU.Build.0 = Release|Any CPU
		{E3734BD8-3E95-44DE-B970-1DA93E254C7A}.Release|x64.ActiveCfg = Release|Any CPU
		{E3734BD8-3E95-44DE-B970-1DA93E254C7A}.Release|x64.Build.0 = Release|Any CPU
		{E3734BD8-3E95-44DE-B970-1DA93E254C7A}.Release|x86.ActiveCfg = Release|Any CPU
		{E3734BD8-3E95-44DE-B970-1DA93E254C7A}.Release|x86.Build.0 = Release|Any CPU
		{A1B2C3D4-E5F6-7890-1234-567890ABCDEF}.Debug|Any CPU.ActiveCfg = Debug|Any CPU
		{A1B2C3D4-E5F6-7890-1234-567890ABCDEF}.Debug|Any CPU.Build.0 = Debug|Any CPU
		{A1B2C3D4-E5F6-7890-1234-567890ABCDEF}.Debug|x64.ActiveCfg = Debug|Any CPU
		{A1B2C3D4-E5F6-7890-1234-567890ABCDEF}.Debug|x64.Build.0 = Debug|Any CPU
		{A1B2C3D4-E5F6-7890-1234-567890ABCDEF}.Debug|x86.ActiveCfg = Debug|Any CPU
		{A1B2C3D4-E5F6-7890-1234-567890ABCDEF}.Debug|x86.Build.0 = Debug|Any CPU
		{A1B2C3D4-E5F6-7890-1234-567890ABCDEF}.Release|Any CPU.ActiveCfg = Release|Any CPU
		{A1B2C3D4-E5F6-7890-1234-567890ABCDEF}.Release|Any CPU.Build.0 = Release|Any CPU
		{A1B2C3D4-E5F6-7890-1234-567890ABCDEF}.Release|x64.ActiveCfg = Release|Any CPU
		{A1B2C3D4-E5F6-7890-1234-567890ABCDEF}.Release|x64.Build.0 = Release|Any CPU
		{A1B2C3D4-E5F6-7890-1234-567890ABCDEF}.Release|x86.ActiveCfg = Release|Any CPU
		{A1B2C3D4-E5F6-7890-1234-567890ABCDEF}.Release|x86.Build.0 = Release|Any CPU
		{01976561-9324-4C22-A0B9-3B73EA0E88F1}.Debug|Any CPU.ActiveCfg = Debug|Any CPU
		{01976561-9324-4C22-A0B9-3B73EA0E88F1}.Debug|Any CPU.Build.0 = Debug|Any CPU
		{01976561-9324-4C22-A0B9-3B73EA0E88F1}.Debug|x64.ActiveCfg = Debug|Any CPU
		{01976561-9324-4C22-A0B9-3B73EA0E88F1}.Debug|x64.Build.0 = Debug|Any CPU
		{01976561-9324-4C22-A0B9-3B73EA0E88F1}.Debug|x86.ActiveCfg = Debug|Any CPU
		{01976561-9324-4C22-A0B9-3B73EA0E88F1}.Debug|x86.Build.0 = Debug|Any CPU
		{01976561-9324-4C22-A0B9-3B73EA0E88F1}.Release|Any CPU.ActiveCfg = Release|Any CPU
		{01976561-9324-4C22-A0B9-3B73EA0E88F1}.Release|Any CPU.Build.0 = Release|Any CPU
		{01976561-9324-4C22-A0B9-3B73EA0E88F1}.Release|x64.ActiveCfg = Release|Any CPU
		{01976561-9324-4C22-A0B9-3B73EA0E88F1}.Release|x64.Build.0 = Release|Any CPU
		{01976561-9324-4C22-A0B9-3B73EA0E88F1}.Release|x86.ActiveCfg = Release|Any CPU
		{01976561-9324-4C22-A0B9-3B73EA0E88F1}.Release|x86.Build.0 = Release|Any CPU
		{DAAF0938-DA9C-4C3E-8BF5-067023A6BA28}.Debug|Any CPU.ActiveCfg = Debug|Any CPU
		{DAAF0938-DA9C-4C3E-8BF5-067023A6BA28}.Debug|Any CPU.Build.0 = Debug|Any CPU
		{DAAF0938-DA9C-4C3E-8BF5-067023A6BA28}.Debug|x64.ActiveCfg = Debug|Any CPU
		{DAAF0938-DA9C-4C3E-8BF5-067023A6BA28}.Debug|x64.Build.0 = Debug|Any CPU
		{DAAF0938-DA9C-4C3E-8BF5-067023A6BA28}.Debug|x86.ActiveCfg = Debug|Any CPU
		{DAAF0938-DA9C-4C3E-8BF5-067023A6BA28}.Debug|x86.Build.0 = Debug|Any CPU
		{DAAF0938-DA9C-4C3E-8BF5-067023A6BA28}.Release|Any CPU.ActiveCfg = Release|Any CPU
		{DAAF0938-DA9C-4C3E-8BF5-067023A6BA28}.Release|Any CPU.Build.0 = Release|Any CPU
		{DAAF0938-DA9C-4C3E-8BF5-067023A6BA28}.Release|x64.ActiveCfg = Release|Any CPU
		{DAAF0938-DA9C-4C3E-8BF5-067023A6BA28}.Release|x64.Build.0 = Release|Any CPU
		{DAAF0938-DA9C-4C3E-8BF5-067023A6BA28}.Release|x86.ActiveCfg = Release|Any CPU
		{DAAF0938-DA9C-4C3E-8BF5-067023A6BA28}.Release|x86.Build.0 = Release|Any CPU
		{C1F8D456-7B23-4A8E-9F12-3456789ABCDE}.Debug|Any CPU.ActiveCfg = Debug|Any CPU
		{C1F8D456-7B23-4A8E-9F12-3456789ABCDE}.Debug|Any CPU.Build.0 = Debug|Any CPU
		{C1F8D456-7B23-4A8E-9F12-3456789ABCDE}.Debug|x64.ActiveCfg = Debug|Any CPU
		{C1F8D456-7B23-4A8E-9F12-3456789ABCDE}.Debug|x64.Build.0 = Debug|Any CPU
		{C1F8D456-7B23-4A8E-9F12-3456789ABCDE}.Debug|x86.ActiveCfg = Debug|Any CPU
		{C1F8D456-7B23-4A8E-9F12-3456789ABCDE}.Debug|x86.Build.0 = Debug|Any CPU
		{C1F8D456-7B23-4A8E-9F12-3456789ABCDE}.Release|Any CPU.ActiveCfg = Release|Any CPU
		{C1F8D456-7B23-4A8E-9F12-3456789ABCDE}.Release|Any CPU.Build.0 = Release|Any CPU
		{C1F8D456-7B23-4A8E-9F12-3456789ABCDE}.Release|x64.ActiveCfg = Release|Any CPU
		{C1F8D456-7B23-4A8E-9F12-3456789ABCDE}.Release|x64.Build.0 = Release|Any CPU
		{C1F8D456-7B23-4A8E-9F12-3456789ABCDE}.Release|x86.ActiveCfg = Release|Any CPU
		{C1F8D456-7B23-4A8E-9F12-3456789ABCDE}.Release|x86.Build.0 = Release|Any CPU
	EndGlobalSection
	GlobalSection(SolutionProperties) = preSolution
		HideSolutionNode = FALSE
	EndGlobalSection
	GlobalSection(NestedProjects) = preSolution
		{B8F9C02C-A58E-4D61-972C-986785DDC2B6} = {02EA681E-C7D8-13C7-8484-4AC65E1B71E8}
		{C8F9C02C-A58E-4D61-972C-986785DDC2B7} = {02EA681E-C7D8-13C7-8484-4AC65E1B71E8}
		{D8F9C02C-A58E-4D61-972C-986785DDC2B8} = {02EA681E-C7D8-13C7-8484-4AC65E1B71E8}
		{E8F9C02C-A58E-4D61-972C-986785DDC2B9} = {02EA681E-C7D8-13C7-8484-4AC65E1B71E8}
		{F8F9C02C-A58E-4D61-972C-986785DDC2BA} = {DC072EE0-5520-45EC-A5F1-254C6F9EE386}
		{8B689ED6-7B5E-4DD4-B8EA-FADDD2C5674E} = {DC072EE0-5520-45EC-A5F1-254C6F9EE386}
		{168C4076-C6AF-4B38-AA54-BF46E16E0CCD} = {DC072EE0-5520-45EC-A5F1-254C6F9EE386}
		{3D7CA495-C409-49FC-B557-7821856F3317} = {DC072EE0-5520-45EC-A5F1-254C6F9EE386}
		{E3734BD8-3E95-44DE-B970-1DA93E254C7A} = {DC072EE0-5520-45EC-A5F1-254C6F9EE386}
		{A1B2C3D4-E5F6-7890-1234-567890ABCDEF} = {BCA8099F-2351-42F1-BEB5-242F9A4410E5}
		{01976561-9324-4C22-A0B9-3B73EA0E88F1} = {3FE69B71-721D-4F8D-8F65-F40ED0DD1F51}
		{DAAF0938-DA9C-4C3E-8BF5-067023A6BA28} = {326FE928-C8E6-4874-A568-BE0554D0182A}
		{C1F8D456-7B23-4A8E-9F12-3456789ABCDE} = {83B75E4C-9DC5-4F9A-B8C3-5F8D9A72C842}
	EndGlobalSection
	GlobalSection(ExtensibilityGlobals) = postSolution
		SolutionGuid = {D4D96D74-A42B-4861-AD3B-255AAE8CB7D0}
	EndGlobalSection
EndGlobal
